
Microsoft Visual Studio Solution File, Format Version 12.00
# Visual Studio 15
VisualStudioVersion = 15.0.27130.2036
MinimumVisualStudioVersion = 10.0.40219.1
Project("{FAE04EC0-301F-11D3-BF4B-00C04F79EFBC}") = "AmeisenBot.Core", "AmeisenCore\AmeisenBot.Core.csproj", "{567F9DF2-E2D0-4BC8-A295-B7913CC1303E}"
EndProject
Project("{FAE04EC0-301F-11D3-BF4B-00C04F79EFBC}") = "AmeisenBot.Server", "AmeisenServer\AmeisenBot.Server.csproj", "{0F5350C6-755B-4D32-8DFD-4057C925EF0D}"
EndProject
Project("{FAE04EC0-301F-11D3-BF4B-00C04F79EFBC}") = "AmeisenBot.GUI", "AmeisenBotGUI\AmeisenBot.GUI.csproj", "{54601391-C520-4EB3-A13E-7FD9B036389A}"
EndProject
Project("{FAE04EC0-301F-11D3-BF4B-00C04F79EFBC}") = "AmeisenBot.Logger", "AmeisenLogger\AmeisenBot.Logger.csproj", "{017A67A9-F7BD-46E3-B716-E1D601AFCA4B}"
EndProject
Project("{FAE04EC0-301F-11D3-BF4B-00C04F79EFBC}") = "AmeisenBot.Manager", "AmeisenManager\AmeisenBot.Manager.csproj", "{6CA2C759-3166-4B71-A56D-E9BA28E72E33}"
EndProject
Project("{FAE04EC0-301F-11D3-BF4B-00C04F79EFBC}") = "AmeisenBot.Data", "AmeisenData\AmeisenBot.Data.csproj", "{4B6AB536-AF35-4970-89FB-B45BC495F8BE}"
EndProject
Project("{FAE04EC0-301F-11D3-BF4B-00C04F79EFBC}") = "AmeisenBot.Utilities", "AmeisenUtilities\AmeisenBot.Utilities.csproj", "{5369E077-2DC4-4DE5-9020-2C7DDB41686F}"
EndProject
Project("{FAE04EC0-301F-11D3-BF4B-00C04F79EFBC}") = "AmeisenBot.DB", "AmeisenDB\AmeisenBot.DB.csproj", "{9B3F7A78-0A9B-492A-8299-9C86D2E297ED}"
EndProject
Project("{FAE04EC0-301F-11D3-BF4B-00C04F79EFBC}") = "AmeisenBot.Mapping", "AmeisenMapping\AmeisenBot.Mapping.csproj", "{08DB57D7-287A-4C12-AB76-F5EE4A0F3395}"
EndProject
Project("{FAE04EC0-301F-11D3-BF4B-00C04F79EFBC}") = "AmeisenPathLib", "AmeisenPath\AmeisenPathLib\AmeisenPathLib.csproj", "{DA582835-AC0B-4C1D-ADD7-1A272057BDE6}"
EndProject
Project("{FAE04EC0-301F-11D3-BF4B-00C04F79EFBC}") = "WoWLoginAutomator", "WoW-LoginAutomator\WoW-LoginAutomator\WoWLoginAutomator.csproj", "{14811D57-C812-4651-85FA-7C65B974724B}"
EndProject
Project("{FAE04EC0-301F-11D3-BF4B-00C04F79EFBC}") = "AmeisenBot.FSM", "AmeisenFSM\AmeisenBot.FSM.csproj", "{C93B8F0C-8CFA-45F6-9B2C-43B72E1CFE0F}"
EndProject
Project("{FAE04EC0-301F-11D3-BF4B-00C04F79EFBC}") = "AmeisenBot.Test", "AmeisenTest\AmeisenBot.Test.csproj", "{C65BFBD3-FD59-418B-8A36-F6406248DB5A}"
EndProject
Project("{FAE04EC0-301F-11D3-BF4B-00C04F79EFBC}") = "AmeisenBot.Combat", "AmeisenCombat\AmeisenBot.Combat.csproj", "{CD72AD54-7C40-4EC0-8878-0771922A2961}"
EndProject
Global
	GlobalSection(SolutionConfigurationPlatforms) = preSolution
		Debug|Any CPU = Debug|Any CPU
		Debug|x64 = Debug|x64
		Debug|x86 = Debug|x86
		Release|Any CPU = Release|Any CPU
		Release|x64 = Release|x64
		Release|x86 = Release|x86
	EndGlobalSection
	GlobalSection(ProjectConfigurationPlatforms) = postSolution
		{567F9DF2-E2D0-4BC8-A295-B7913CC1303E}.Debug|Any CPU.ActiveCfg = Debug|Any CPU
		{567F9DF2-E2D0-4BC8-A295-B7913CC1303E}.Debug|Any CPU.Build.0 = Debug|Any CPU
		{567F9DF2-E2D0-4BC8-A295-B7913CC1303E}.Debug|x64.ActiveCfg = Debug|Any CPU
		{567F9DF2-E2D0-4BC8-A295-B7913CC1303E}.Debug|x64.Build.0 = Debug|Any CPU
		{567F9DF2-E2D0-4BC8-A295-B7913CC1303E}.Debug|x86.ActiveCfg = Debug|Any CPU
		{567F9DF2-E2D0-4BC8-A295-B7913CC1303E}.Debug|x86.Build.0 = Debug|Any CPU
		{567F9DF2-E2D0-4BC8-A295-B7913CC1303E}.Release|Any CPU.ActiveCfg = Release|Any CPU
		{567F9DF2-E2D0-4BC8-A295-B7913CC1303E}.Release|Any CPU.Build.0 = Release|Any CPU
		{567F9DF2-E2D0-4BC8-A295-B7913CC1303E}.Release|x64.ActiveCfg = Release|Any CPU
		{567F9DF2-E2D0-4BC8-A295-B7913CC1303E}.Release|x64.Build.0 = Release|Any CPU
		{567F9DF2-E2D0-4BC8-A295-B7913CC1303E}.Release|x86.ActiveCfg = Release|Any CPU
		{567F9DF2-E2D0-4BC8-A295-B7913CC1303E}.Release|x86.Build.0 = Release|Any CPU
		{0F5350C6-755B-4D32-8DFD-4057C925EF0D}.Debug|Any CPU.ActiveCfg = Debug|Any CPU
		{0F5350C6-755B-4D32-8DFD-4057C925EF0D}.Debug|Any CPU.Build.0 = Debug|Any CPU
		{0F5350C6-755B-4D32-8DFD-4057C925EF0D}.Debug|x64.ActiveCfg = Debug|Any CPU
		{0F5350C6-755B-4D32-8DFD-4057C925EF0D}.Debug|x64.Build.0 = Debug|Any CPU
		{0F5350C6-755B-4D32-8DFD-4057C925EF0D}.Debug|x86.ActiveCfg = Debug|Any CPU
		{0F5350C6-755B-4D32-8DFD-4057C925EF0D}.Debug|x86.Build.0 = Debug|Any CPU
		{0F5350C6-755B-4D32-8DFD-4057C925EF0D}.Release|Any CPU.ActiveCfg = Release|Any CPU
		{0F5350C6-755B-4D32-8DFD-4057C925EF0D}.Release|Any CPU.Build.0 = Release|Any CPU
		{0F5350C6-755B-4D32-8DFD-4057C925EF0D}.Release|x64.ActiveCfg = Release|Any CPU
		{0F5350C6-755B-4D32-8DFD-4057C925EF0D}.Release|x64.Build.0 = Release|Any CPU
		{0F5350C6-755B-4D32-8DFD-4057C925EF0D}.Release|x86.ActiveCfg = Release|Any CPU
		{0F5350C6-755B-4D32-8DFD-4057C925EF0D}.Release|x86.Build.0 = Release|Any CPU
		{54601391-C520-4EB3-A13E-7FD9B036389A}.Debug|Any CPU.ActiveCfg = Debug|Any CPU
		{54601391-C520-4EB3-A13E-7FD9B036389A}.Debug|Any CPU.Build.0 = Debug|Any CPU
		{54601391-C520-4EB3-A13E-7FD9B036389A}.Debug|x64.ActiveCfg = Debug|Any CPU
		{54601391-C520-4EB3-A13E-7FD9B036389A}.Debug|x64.Build.0 = Debug|Any CPU
		{54601391-C520-4EB3-A13E-7FD9B036389A}.Debug|x86.ActiveCfg = Debug|Any CPU
		{54601391-C520-4EB3-A13E-7FD9B036389A}.Debug|x86.Build.0 = Debug|Any CPU
		{54601391-C520-4EB3-A13E-7FD9B036389A}.Release|Any CPU.ActiveCfg = Release|Any CPU
		{54601391-C520-4EB3-A13E-7FD9B036389A}.Release|Any CPU.Build.0 = Release|Any CPU
		{54601391-C520-4EB3-A13E-7FD9B036389A}.Release|x64.ActiveCfg = Release|Any CPU
		{54601391-C520-4EB3-A13E-7FD9B036389A}.Release|x64.Build.0 = Release|Any CPU
		{54601391-C520-4EB3-A13E-7FD9B036389A}.Release|x86.ActiveCfg = Release|Any CPU
		{54601391-C520-4EB3-A13E-7FD9B036389A}.Release|x86.Build.0 = Release|Any CPU
		{017A67A9-F7BD-46E3-B716-E1D601AFCA4B}.Debug|Any CPU.ActiveCfg = Debug|Any CPU
		{017A67A9-F7BD-46E3-B716-E1D601AFCA4B}.Debug|Any CPU.Build.0 = Debug|Any CPU
		{017A67A9-F7BD-46E3-B716-E1D601AFCA4B}.Debug|x64.ActiveCfg = Debug|Any CPU
		{017A67A9-F7BD-46E3-B716-E1D601AFCA4B}.Debug|x64.Build.0 = Debug|Any CPU
		{017A67A9-F7BD-46E3-B716-E1D601AFCA4B}.Debug|x86.ActiveCfg = Debug|Any CPU
		{017A67A9-F7BD-46E3-B716-E1D601AFCA4B}.Debug|x86.Build.0 = Debug|Any CPU
		{017A67A9-F7BD-46E3-B716-E1D601AFCA4B}.Release|Any CPU.ActiveCfg = Release|Any CPU
		{017A67A9-F7BD-46E3-B716-E1D601AFCA4B}.Release|Any CPU.Build.0 = Release|Any CPU
		{017A67A9-F7BD-46E3-B716-E1D601AFCA4B}.Release|x64.ActiveCfg = Release|Any CPU
		{017A67A9-F7BD-46E3-B716-E1D601AFCA4B}.Release|x64.Build.0 = Release|Any CPU
		{017A67A9-F7BD-46E3-B716-E1D601AFCA4B}.Release|x86.ActiveCfg = Release|Any CPU
		{017A67A9-F7BD-46E3-B716-E1D601AFCA4B}.Release|x86.Build.0 = Release|Any CPU
		{6CA2C759-3166-4B71-A56D-E9BA28E72E33}.Debug|Any CPU.ActiveCfg = Debug|Any CPU
		{6CA2C759-3166-4B71-A56D-E9BA28E72E33}.Debug|Any CPU.Build.0 = Debug|Any CPU
		{6CA2C759-3166-4B71-A56D-E9BA28E72E33}.Debug|x64.ActiveCfg = Debug|Any CPU
		{6CA2C759-3166-4B71-A56D-E9BA28E72E33}.Debug|x64.Build.0 = Debug|Any CPU
		{6CA2C759-3166-4B71-A56D-E9BA28E72E33}.Debug|x86.ActiveCfg = Debug|Any CPU
		{6CA2C759-3166-4B71-A56D-E9BA28E72E33}.Debug|x86.Build.0 = Debug|Any CPU
		{6CA2C759-3166-4B71-A56D-E9BA28E72E33}.Release|Any CPU.ActiveCfg = Release|Any CPU
		{6CA2C759-3166-4B71-A56D-E9BA28E72E33}.Release|Any CPU.Build.0 = Release|Any CPU
		{6CA2C759-3166-4B71-A56D-E9BA28E72E33}.Release|x64.ActiveCfg = Release|Any CPU
		{6CA2C759-3166-4B71-A56D-E9BA28E72E33}.Release|x64.Build.0 = Release|Any CPU
		{6CA2C759-3166-4B71-A56D-E9BA28E72E33}.Release|x86.ActiveCfg = Release|Any CPU
		{6CA2C759-3166-4B71-A56D-E9BA28E72E33}.Release|x86.Build.0 = Release|Any CPU
		{4B6AB536-AF35-4970-89FB-B45BC495F8BE}.Debug|Any CPU.ActiveCfg = Debug|Any CPU
		{4B6AB536-AF35-4970-89FB-B45BC495F8BE}.Debug|Any CPU.Build.0 = Debug|Any CPU
		{4B6AB536-AF35-4970-89FB-B45BC495F8BE}.Debug|x64.ActiveCfg = Debug|Any CPU
		{4B6AB536-AF35-4970-89FB-B45BC495F8BE}.Debug|x64.Build.0 = Debug|Any CPU
		{4B6AB536-AF35-4970-89FB-B45BC495F8BE}.Debug|x86.ActiveCfg = Debug|Any CPU
		{4B6AB536-AF35-4970-89FB-B45BC495F8BE}.Debug|x86.Build.0 = Debug|Any CPU
		{4B6AB536-AF35-4970-89FB-B45BC495F8BE}.Release|Any CPU.ActiveCfg = Release|Any CPU
		{4B6AB536-AF35-4970-89FB-B45BC495F8BE}.Release|Any CPU.Build.0 = Release|Any CPU
		{4B6AB536-AF35-4970-89FB-B45BC495F8BE}.Release|x64.ActiveCfg = Release|Any CPU
		{4B6AB536-AF35-4970-89FB-B45BC495F8BE}.Release|x64.Build.0 = Release|Any CPU
		{4B6AB536-AF35-4970-89FB-B45BC495F8BE}.Release|x86.ActiveCfg = Release|Any CPU
		{4B6AB536-AF35-4970-89FB-B45BC495F8BE}.Release|x86.Build.0 = Release|Any CPU
		{5369E077-2DC4-4DE5-9020-2C7DDB41686F}.Debug|Any CPU.ActiveCfg = Debug|Any CPU
		{5369E077-2DC4-4DE5-9020-2C7DDB41686F}.Debug|Any CPU.Build.0 = Debug|Any CPU
		{5369E077-2DC4-4DE5-9020-2C7DDB41686F}.Debug|x64.ActiveCfg = Debug|Any CPU
		{5369E077-2DC4-4DE5-9020-2C7DDB41686F}.Debug|x64.Build.0 = Debug|Any CPU
		{5369E077-2DC4-4DE5-9020-2C7DDB41686F}.Debug|x86.ActiveCfg = Debug|Any CPU
		{5369E077-2DC4-4DE5-9020-2C7DDB41686F}.Debug|x86.Build.0 = Debug|Any CPU
		{5369E077-2DC4-4DE5-9020-2C7DDB41686F}.Release|Any CPU.ActiveCfg = Release|Any CPU
		{5369E077-2DC4-4DE5-9020-2C7DDB41686F}.Release|Any CPU.Build.0 = Release|Any CPU
		{5369E077-2DC4-4DE5-9020-2C7DDB41686F}.Release|x64.ActiveCfg = Release|Any CPU
		{5369E077-2DC4-4DE5-9020-2C7DDB41686F}.Release|x64.Build.0 = Release|Any CPU
		{5369E077-2DC4-4DE5-9020-2C7DDB41686F}.Release|x86.ActiveCfg = Release|Any CPU
		{5369E077-2DC4-4DE5-9020-2C7DDB41686F}.Release|x86.Build.0 = Release|Any CPU
		{9B3F7A78-0A9B-492A-8299-9C86D2E297ED}.Debug|Any CPU.ActiveCfg = Debug|Any CPU
		{9B3F7A78-0A9B-492A-8299-9C86D2E297ED}.Debug|Any CPU.Build.0 = Debug|Any CPU
		{9B3F7A78-0A9B-492A-8299-9C86D2E297ED}.Debug|x64.ActiveCfg = Debug|Any CPU
		{9B3F7A78-0A9B-492A-8299-9C86D2E297ED}.Debug|x64.Build.0 = Debug|Any CPU
		{9B3F7A78-0A9B-492A-8299-9C86D2E297ED}.Debug|x86.ActiveCfg = Debug|Any CPU
		{9B3F7A78-0A9B-492A-8299-9C86D2E297ED}.Debug|x86.Build.0 = Debug|Any CPU
		{9B3F7A78-0A9B-492A-8299-9C86D2E297ED}.Release|Any CPU.ActiveCfg = Release|Any CPU
		{9B3F7A78-0A9B-492A-8299-9C86D2E297ED}.Release|Any CPU.Build.0 = Release|Any CPU
		{9B3F7A78-0A9B-492A-8299-9C86D2E297ED}.Release|x64.ActiveCfg = Release|Any CPU
		{9B3F7A78-0A9B-492A-8299-9C86D2E297ED}.Release|x64.Build.0 = Release|Any CPU
		{9B3F7A78-0A9B-492A-8299-9C86D2E297ED}.Release|x86.ActiveCfg = Release|Any CPU
		{9B3F7A78-0A9B-492A-8299-9C86D2E297ED}.Release|x86.Build.0 = Release|Any CPU
		{08DB57D7-287A-4C12-AB76-F5EE4A0F3395}.Debug|Any CPU.ActiveCfg = Debug|Any CPU
		{08DB57D7-287A-4C12-AB76-F5EE4A0F3395}.Debug|Any CPU.Build.0 = Debug|Any CPU
		{08DB57D7-287A-4C12-AB76-F5EE4A0F3395}.Debug|x64.ActiveCfg = Debug|Any CPU
		{08DB57D7-287A-4C12-AB76-F5EE4A0F3395}.Debug|x64.Build.0 = Debug|Any CPU
		{08DB57D7-287A-4C12-AB76-F5EE4A0F3395}.Debug|x86.ActiveCfg = Debug|Any CPU
		{08DB57D7-287A-4C12-AB76-F5EE4A0F3395}.Debug|x86.Build.0 = Debug|Any CPU
		{08DB57D7-287A-4C12-AB76-F5EE4A0F3395}.Release|Any CPU.ActiveCfg = Release|Any CPU
		{08DB57D7-287A-4C12-AB76-F5EE4A0F3395}.Release|Any CPU.Build.0 = Release|Any CPU
		{08DB57D7-287A-4C12-AB76-F5EE4A0F3395}.Release|x64.ActiveCfg = Release|Any CPU
		{08DB57D7-287A-4C12-AB76-F5EE4A0F3395}.Release|x64.Build.0 = Release|Any CPU
		{08DB57D7-287A-4C12-AB76-F5EE4A0F3395}.Release|x86.ActiveCfg = Release|Any CPU
		{08DB57D7-287A-4C12-AB76-F5EE4A0F3395}.Release|x86.Build.0 = Release|Any CPU
		{DA582835-AC0B-4C1D-ADD7-1A272057BDE6}.Debug|Any CPU.ActiveCfg = Debug|Any CPU
		{DA582835-AC0B-4C1D-ADD7-1A272057BDE6}.Debug|Any CPU.Build.0 = Debug|Any CPU
		{DA582835-AC0B-4C1D-ADD7-1A272057BDE6}.Debug|x64.ActiveCfg = Debug|Any CPU
		{DA582835-AC0B-4C1D-ADD7-1A272057BDE6}.Debug|x64.Build.0 = Debug|Any CPU
		{DA582835-AC0B-4C1D-ADD7-1A272057BDE6}.Debug|x86.ActiveCfg = Debug|Any CPU
		{DA582835-AC0B-4C1D-ADD7-1A272057BDE6}.Debug|x86.Build.0 = Debug|Any CPU
		{DA582835-AC0B-4C1D-ADD7-1A272057BDE6}.Release|Any CPU.ActiveCfg = Release|Any CPU
		{DA582835-AC0B-4C1D-ADD7-1A272057BDE6}.Release|Any CPU.Build.0 = Release|Any CPU
		{DA582835-AC0B-4C1D-ADD7-1A272057BDE6}.Release|x64.ActiveCfg = Release|Any CPU
		{DA582835-AC0B-4C1D-ADD7-1A272057BDE6}.Release|x64.Build.0 = Release|Any CPU
		{DA582835-AC0B-4C1D-ADD7-1A272057BDE6}.Release|x86.ActiveCfg = Release|Any CPU
		{DA582835-AC0B-4C1D-ADD7-1A272057BDE6}.Release|x86.Build.0 = Release|Any CPU
		{14811D57-C812-4651-85FA-7C65B974724B}.Debug|Any CPU.ActiveCfg = Debug|Any CPU
		{14811D57-C812-4651-85FA-7C65B974724B}.Debug|Any CPU.Build.0 = Debug|Any CPU
		{14811D57-C812-4651-85FA-7C65B974724B}.Debug|x64.ActiveCfg = Debug|Any CPU
		{14811D57-C812-4651-85FA-7C65B974724B}.Debug|x64.Build.0 = Debug|Any CPU
		{14811D57-C812-4651-85FA-7C65B974724B}.Debug|x86.ActiveCfg = Debug|Any CPU
		{14811D57-C812-4651-85FA-7C65B974724B}.Debug|x86.Build.0 = Debug|Any CPU
		{14811D57-C812-4651-85FA-7C65B974724B}.Release|Any CPU.ActiveCfg = Release|Any CPU
		{14811D57-C812-4651-85FA-7C65B974724B}.Release|Any CPU.Build.0 = Release|Any CPU
		{14811D57-C812-4651-85FA-7C65B974724B}.Release|x64.ActiveCfg = Release|Any CPU
		{14811D57-C812-4651-85FA-7C65B974724B}.Release|x64.Build.0 = Release|Any CPU
		{14811D57-C812-4651-85FA-7C65B974724B}.Release|x86.ActiveCfg = Release|Any CPU
		{14811D57-C812-4651-85FA-7C65B974724B}.Release|x86.Build.0 = Release|Any CPU
		{C93B8F0C-8CFA-45F6-9B2C-43B72E1CFE0F}.Debug|Any CPU.ActiveCfg = Debug|Any CPU
		{C93B8F0C-8CFA-45F6-9B2C-43B72E1CFE0F}.Debug|Any CPU.Build.0 = Debug|Any CPU
		{C93B8F0C-8CFA-45F6-9B2C-43B72E1CFE0F}.Debug|x64.ActiveCfg = Debug|Any CPU
		{C93B8F0C-8CFA-45F6-9B2C-43B72E1CFE0F}.Debug|x64.Build.0 = Debug|Any CPU
		{C93B8F0C-8CFA-45F6-9B2C-43B72E1CFE0F}.Debug|x86.ActiveCfg = Debug|Any CPU
		{C93B8F0C-8CFA-45F6-9B2C-43B72E1CFE0F}.Debug|x86.Build.0 = Debug|Any CPU
		{C93B8F0C-8CFA-45F6-9B2C-43B72E1CFE0F}.Release|Any CPU.ActiveCfg = Release|Any CPU
		{C93B8F0C-8CFA-45F6-9B2C-43B72E1CFE0F}.Release|Any CPU.Build.0 = Release|Any CPU
		{C93B8F0C-8CFA-45F6-9B2C-43B72E1CFE0F}.Release|x64.ActiveCfg = Release|Any CPU
		{C93B8F0C-8CFA-45F6-9B2C-43B72E1CFE0F}.Release|x64.Build.0 = Release|Any CPU
		{C93B8F0C-8CFA-45F6-9B2C-43B72E1CFE0F}.Release|x86.ActiveCfg = Release|Any CPU
		{C93B8F0C-8CFA-45F6-9B2C-43B72E1CFE0F}.Release|x86.Build.0 = Release|Any CPU
		{C65BFBD3-FD59-418B-8A36-F6406248DB5A}.Debug|Any CPU.ActiveCfg = Debug|Any CPU
		{C65BFBD3-FD59-418B-8A36-F6406248DB5A}.Debug|Any CPU.Build.0 = Debug|Any CPU
		{C65BFBD3-FD59-418B-8A36-F6406248DB5A}.Debug|x64.ActiveCfg = Debug|Any CPU
		{C65BFBD3-FD59-418B-8A36-F6406248DB5A}.Debug|x64.Build.0 = Debug|Any CPU
		{C65BFBD3-FD59-418B-8A36-F6406248DB5A}.Debug|x86.ActiveCfg = Debug|Any CPU
		{C65BFBD3-FD59-418B-8A36-F6406248DB5A}.Debug|x86.Build.0 = Debug|Any CPU
		{C65BFBD3-FD59-418B-8A36-F6406248DB5A}.Release|Any CPU.ActiveCfg = Release|Any CPU
		{C65BFBD3-FD59-418B-8A36-F6406248DB5A}.Release|Any CPU.Build.0 = Release|Any CPU
		{C65BFBD3-FD59-418B-8A36-F6406248DB5A}.Release|x64.ActiveCfg = Release|Any CPU
		{C65BFBD3-FD59-418B-8A36-F6406248DB5A}.Release|x64.Build.0 = Release|Any CPU
		{C65BFBD3-FD59-418B-8A36-F6406248DB5A}.Release|x86.ActiveCfg = Release|Any CPU
		{C65BFBD3-FD59-418B-8A36-F6406248DB5A}.Release|x86.Build.0 = Release|Any CPU
		{CD72AD54-7C40-4EC0-8878-0771922A2961}.Debug|Any CPU.ActiveCfg = Debug|Any CPU
		{CD72AD54-7C40-4EC0-8878-0771922A2961}.Debug|Any CPU.Build.0 = Debug|Any CPU
		{CD72AD54-7C40-4EC0-8878-0771922A2961}.Debug|x64.ActiveCfg = Debug|Any CPU
		{CD72AD54-7C40-4EC0-8878-0771922A2961}.Debug|x64.Build.0 = Debug|Any CPU
		{CD72AD54-7C40-4EC0-8878-0771922A2961}.Debug|x86.ActiveCfg = Debug|Any CPU
		{CD72AD54-7C40-4EC0-8878-0771922A2961}.Debug|x86.Build.0 = Debug|Any CPU
		{CD72AD54-7C40-4EC0-8878-0771922A2961}.Release|Any CPU.ActiveCfg = Release|Any CPU
		{CD72AD54-7C40-4EC0-8878-0771922A2961}.Release|Any CPU.Build.0 = Release|Any CPU
		{CD72AD54-7C40-4EC0-8878-0771922A2961}.Release|x64.ActiveCfg = Release|Any CPU
		{CD72AD54-7C40-4EC0-8878-0771922A2961}.Release|x64.Build.0 = Release|Any CPU
		{CD72AD54-7C40-4EC0-8878-0771922A2961}.Release|x86.ActiveCfg = Release|Any CPU
		{CD72AD54-7C40-4EC0-8878-0771922A2961}.Release|x86.Build.0 = Release|Any CPU
	EndGlobalSection
	GlobalSection(SolutionProperties) = preSolution
		HideSolutionNode = FALSE
	EndGlobalSection
	GlobalSection(ExtensibilityGlobals) = postSolution
		SolutionGuid = {825CF1BA-1A0F-446E-8475-13F5FDCE7C43}
	EndGlobalSection
EndGlobal
