
Microsoft Visual Studio Solution File, Format Version 12.00
# Visual Studio 15
VisualStudioVersion = 15.0.27130.2036
MinimumVisualStudioVersion = 10.0.40219.1
Project("{FAE04EC0-301F-11D3-BF4B-00C04F79EFBC}") = "AmeisenCore", "AmeisenCore\AmeisenCore.csproj", "{567F9DF2-E2D0-4BC8-A295-B7913CC1303E}"
EndProject
Project("{FAE04EC0-301F-11D3-BF4B-00C04F79EFBC}") = "AmeisenServer", "AmeisenServer\AmeisenServer.csproj", "{0F5350C6-755B-4D32-8DFD-4057C925EF0D}"
EndProject
Project("{FAE04EC0-301F-11D3-BF4B-00C04F79EFBC}") = "AmeisenOffsets", "AmeisenOffsets\AmeisenOffsets.csproj", "{5369E077-2DC4-4DE5-9020-2C7DDB41686F}"
EndProject
Project("{FAE04EC0-301F-11D3-BF4B-00C04F79EFBC}") = "AmeisenBotGUI", "AmeisenBotGUI\AmeisenBotGUI.csproj", "{54601391-C520-4EB3-A13E-7FD9B036389A}"
EndProject
Project("{FAE04EC0-301F-11D3-BF4B-00C04F79EFBC}") = "AmeisenAI", "AmeisenAI\AmeisenAI.csproj", "{3C281530-7A81-4803-BC85-DE46ED2D6E74}"
EndProject
Project("{8BC9CEB8-8B4A-11D0-8D11-00A0C91BC942}") = "AmeisenHook", "AmeisenHook\AmeisenHook.vcxproj", "{27AD55E1-09AB-4E3A-9743-10F7F36EB84F}"
EndProject
Global
	GlobalSection(SolutionConfigurationPlatforms) = preSolution
		Debug|Any CPU = Debug|Any CPU
		Debug|x64 = Debug|x64
		Debug|x86 = Debug|x86
		Release|Any CPU = Release|Any CPU
		Release|x64 = Release|x64
		Release|x86 = Release|x86
	EndGlobalSection
	GlobalSection(ProjectConfigurationPlatforms) = postSolution
		{567F9DF2-E2D0-4BC8-A295-B7913CC1303E}.Debug|Any CPU.ActiveCfg = Debug|Any CPU
		{567F9DF2-E2D0-4BC8-A295-B7913CC1303E}.Debug|Any CPU.Build.0 = Debug|Any CPU
		{567F9DF2-E2D0-4BC8-A295-B7913CC1303E}.Debug|x64.ActiveCfg = Debug|Any CPU
		{567F9DF2-E2D0-4BC8-A295-B7913CC1303E}.Debug|x64.Build.0 = Debug|Any CPU
		{567F9DF2-E2D0-4BC8-A295-B7913CC1303E}.Debug|x86.ActiveCfg = Debug|Any CPU
		{567F9DF2-E2D0-4BC8-A295-B7913CC1303E}.Debug|x86.Build.0 = Debug|Any CPU
		{567F9DF2-E2D0-4BC8-A295-B7913CC1303E}.Release|Any CPU.ActiveCfg = Release|Any CPU
		{567F9DF2-E2D0-4BC8-A295-B7913CC1303E}.Release|Any CPU.Build.0 = Release|Any CPU
		{567F9DF2-E2D0-4BC8-A295-B7913CC1303E}.Release|x64.ActiveCfg = Release|Any CPU
		{567F9DF2-E2D0-4BC8-A295-B7913CC1303E}.Release|x64.Build.0 = Release|Any CPU
		{567F9DF2-E2D0-4BC8-A295-B7913CC1303E}.Release|x86.ActiveCfg = Release|Any CPU
		{567F9DF2-E2D0-4BC8-A295-B7913CC1303E}.Release|x86.Build.0 = Release|Any CPU
		{0F5350C6-755B-4D32-8DFD-4057C925EF0D}.Debug|Any CPU.ActiveCfg = Debug|Any CPU
		{0F5350C6-755B-4D32-8DFD-4057C925EF0D}.Debug|Any CPU.Build.0 = Debug|Any CPU
		{0F5350C6-755B-4D32-8DFD-4057C925EF0D}.Debug|x64.ActiveCfg = Debug|Any CPU
		{0F5350C6-755B-4D32-8DFD-4057C925EF0D}.Debug|x64.Build.0 = Debug|Any CPU
		{0F5350C6-755B-4D32-8DFD-4057C925EF0D}.Debug|x86.ActiveCfg = Debug|Any CPU
		{0F5350C6-755B-4D32-8DFD-4057C925EF0D}.Debug|x86.Build.0 = Debug|Any CPU
		{0F5350C6-755B-4D32-8DFD-4057C925EF0D}.Release|Any CPU.ActiveCfg = Release|Any CPU
		{0F5350C6-755B-4D32-8DFD-4057C925EF0D}.Release|Any CPU.Build.0 = Release|Any CPU
		{0F5350C6-755B-4D32-8DFD-4057C925EF0D}.Release|x64.ActiveCfg = Release|Any CPU
		{0F5350C6-755B-4D32-8DFD-4057C925EF0D}.Release|x64.Build.0 = Release|Any CPU
		{0F5350C6-755B-4D32-8DFD-4057C925EF0D}.Release|x86.ActiveCfg = Release|Any CPU
		{0F5350C6-755B-4D32-8DFD-4057C925EF0D}.Release|x86.Build.0 = Release|Any CPU
		{5369E077-2DC4-4DE5-9020-2C7DDB41686F}.Debug|Any CPU.ActiveCfg = Debug|Any CPU
		{5369E077-2DC4-4DE5-9020-2C7DDB41686F}.Debug|Any CPU.Build.0 = Debug|Any CPU
		{5369E077-2DC4-4DE5-9020-2C7DDB41686F}.Debug|x64.ActiveCfg = Debug|Any CPU
		{5369E077-2DC4-4DE5-9020-2C7DDB41686F}.Debug|x64.Build.0 = Debug|Any CPU
		{5369E077-2DC4-4DE5-9020-2C7DDB41686F}.Debug|x86.ActiveCfg = Debug|Any CPU
		{5369E077-2DC4-4DE5-9020-2C7DDB41686F}.Debug|x86.Build.0 = Debug|Any CPU
		{5369E077-2DC4-4DE5-9020-2C7DDB41686F}.Release|Any CPU.ActiveCfg = Release|Any CPU
		{5369E077-2DC4-4DE5-9020-2C7DDB41686F}.Release|Any CPU.Build.0 = Release|Any CPU
		{5369E077-2DC4-4DE5-9020-2C7DDB41686F}.Release|x64.ActiveCfg = Release|Any CPU
		{5369E077-2DC4-4DE5-9020-2C7DDB41686F}.Release|x64.Build.0 = Release|Any CPU
		{5369E077-2DC4-4DE5-9020-2C7DDB41686F}.Release|x86.ActiveCfg = Release|Any CPU
		{5369E077-2DC4-4DE5-9020-2C7DDB41686F}.Release|x86.Build.0 = Release|Any CPU
		{54601391-C520-4EB3-A13E-7FD9B036389A}.Debug|Any CPU.ActiveCfg = Debug|Any CPU
		{54601391-C520-4EB3-A13E-7FD9B036389A}.Debug|Any CPU.Build.0 = Debug|Any CPU
		{54601391-C520-4EB3-A13E-7FD9B036389A}.Debug|x64.ActiveCfg = Debug|Any CPU
		{54601391-C520-4EB3-A13E-7FD9B036389A}.Debug|x64.Build.0 = Debug|Any CPU
		{54601391-C520-4EB3-A13E-7FD9B036389A}.Debug|x86.ActiveCfg = Debug|Any CPU
		{54601391-C520-4EB3-A13E-7FD9B036389A}.Debug|x86.Build.0 = Debug|Any CPU
		{54601391-C520-4EB3-A13E-7FD9B036389A}.Release|Any CPU.ActiveCfg = Release|Any CPU
		{54601391-C520-4EB3-A13E-7FD9B036389A}.Release|Any CPU.Build.0 = Release|Any CPU
		{54601391-C520-4EB3-A13E-7FD9B036389A}.Release|x64.ActiveCfg = Release|Any CPU
		{54601391-C520-4EB3-A13E-7FD9B036389A}.Release|x64.Build.0 = Release|Any CPU
		{54601391-C520-4EB3-A13E-7FD9B036389A}.Release|x86.ActiveCfg = Release|Any CPU
		{54601391-C520-4EB3-A13E-7FD9B036389A}.Release|x86.Build.0 = Release|Any CPU
		{3C281530-7A81-4803-BC85-DE46ED2D6E74}.Debug|Any CPU.ActiveCfg = Debug|Any CPU
		{3C281530-7A81-4803-BC85-DE46ED2D6E74}.Debug|Any CPU.Build.0 = Debug|Any CPU
		{3C281530-7A81-4803-BC85-DE46ED2D6E74}.Debug|x64.ActiveCfg = Debug|Any CPU
		{3C281530-7A81-4803-BC85-DE46ED2D6E74}.Debug|x64.Build.0 = Debug|Any CPU
		{3C281530-7A81-4803-BC85-DE46ED2D6E74}.Debug|x86.ActiveCfg = Debug|Any CPU
		{3C281530-7A81-4803-BC85-DE46ED2D6E74}.Debug|x86.Build.0 = Debug|Any CPU
		{3C281530-7A81-4803-BC85-DE46ED2D6E74}.Release|Any CPU.ActiveCfg = Release|Any CPU
		{3C281530-7A81-4803-BC85-DE46ED2D6E74}.Release|Any CPU.Build.0 = Release|Any CPU
		{3C281530-7A81-4803-BC85-DE46ED2D6E74}.Release|x64.ActiveCfg = Release|Any CPU
		{3C281530-7A81-4803-BC85-DE46ED2D6E74}.Release|x64.Build.0 = Release|Any CPU
		{3C281530-7A81-4803-BC85-DE46ED2D6E74}.Release|x86.ActiveCfg = Release|Any CPU
		{3C281530-7A81-4803-BC85-DE46ED2D6E74}.Release|x86.Build.0 = Release|Any CPU
		{27AD55E1-09AB-4E3A-9743-10F7F36EB84F}.Debug|Any CPU.ActiveCfg = Debug|Win32
		{27AD55E1-09AB-4E3A-9743-10F7F36EB84F}.Debug|x64.ActiveCfg = Debug|x64
		{27AD55E1-09AB-4E3A-9743-10F7F36EB84F}.Debug|x64.Build.0 = Debug|x64
		{27AD55E1-09AB-4E3A-9743-10F7F36EB84F}.Debug|x86.ActiveCfg = Debug|Win32
		{27AD55E1-09AB-4E3A-9743-10F7F36EB84F}.Debug|x86.Build.0 = Debug|Win32
		{27AD55E1-09AB-4E3A-9743-10F7F36EB84F}.Release|Any CPU.ActiveCfg = Release|Win32
		{27AD55E1-09AB-4E3A-9743-10F7F36EB84F}.Release|x64.ActiveCfg = Release|x64
		{27AD55E1-09AB-4E3A-9743-10F7F36EB84F}.Release|x64.Build.0 = Release|x64
		{27AD55E1-09AB-4E3A-9743-10F7F36EB84F}.Release|x86.ActiveCfg = Release|Win32
		{27AD55E1-09AB-4E3A-9743-10F7F36EB84F}.Release|x86.Build.0 = Release|Win32
	EndGlobalSection
	GlobalSection(SolutionProperties) = preSolution
		HideSolutionNode = FALSE
	EndGlobalSection
	GlobalSection(ExtensibilityGlobals) = postSolution
		SolutionGuid = {825CF1BA-1A0F-446E-8475-13F5FDCE7C43}
	EndGlobalSection
EndGlobal
